// !$*UTF8*$!
{
	archiveVersion = 1;
	classes = {
	};
	objectVersion = 46;
	objects = {

/* Begin PBXBuildFile section */
		002B2AD61BBB73EC00794939 /* CreateQRCodeViewController.swift in Sources */ = {isa = PBXBuildFile; fileRef = 002B2AD51BBB73EC00794939 /* CreateQRCodeViewController.swift */; settings = {ASSET_TAGS = (); }; };
		002B2ADC1BBB892A00794939 /* OAuthViewController.swift in Sources */ = {isa = PBXBuildFile; fileRef = 002B2ADB1BBB892A00794939 /* OAuthViewController.swift */; settings = {ASSET_TAGS = (); }; };
		007A3EE71BBD261600EECA2E /* UserAccount.swift in Sources */ = {isa = PBXBuildFile; fileRef = 007A3EE61BBD261600EECA2E /* UserAccount.swift */; settings = {ASSET_TAGS = (); }; };
		007A3EE91BBD2AC600EECA2E /* String+extension.swift in Sources */ = {isa = PBXBuildFile; fileRef = 007A3EE81BBD2AC600EECA2E /* String+extension.swift */; settings = {ASSET_TAGS = (); }; };
		0091FCF21BB98680005D3F7D /* PopoverAnimationController.swift in Sources */ = {isa = PBXBuildFile; fileRef = 0091FCED1BB98680005D3F7D /* PopoverAnimationController.swift */; settings = {ASSET_TAGS = (); }; };
		0091FCF31BB98680005D3F7D /* PopoverPresentationController.swift in Sources */ = {isa = PBXBuildFile; fileRef = 0091FCEE1BB98680005D3F7D /* PopoverPresentationController.swift */; settings = {ASSET_TAGS = (); }; };
		0091FCF41BB98680005D3F7D /* PopoverViewController.storyboard in Resources */ = {isa = PBXBuildFile; fileRef = 0091FCEF1BB98680005D3F7D /* PopoverViewController.storyboard */; settings = {ASSET_TAGS = (); }; };
		0091FCF51BB98680005D3F7D /* PopoverViewController.swift in Sources */ = {isa = PBXBuildFile; fileRef = 0091FCF01BB98680005D3F7D /* PopoverViewController.swift */; settings = {ASSET_TAGS = (); }; };
		0091FCF71BB987EA005D3F7D /* QRCodeViewController.storyboard in Resources */ = {isa = PBXBuildFile; fileRef = 0091FCF61BB987EA005D3F7D /* QRCodeViewController.storyboard */; settings = {ASSET_TAGS = (); }; };
		0091FCF91BB98B22005D3F7D /* QRCodeViewController.swift in Sources */ = {isa = PBXBuildFile; fileRef = 0091FCF81BB98B22005D3F7D /* QRCodeViewController.swift */; settings = {ASSET_TAGS = (); }; };
		009987A91BB82DCC009DE336 /* UIBarButtonItem+Extension.swift in Sources */ = {isa = PBXBuildFile; fileRef = 009987A81BB82DCC009DE336 /* UIBarButtonItem+Extension.swift */; settings = {ASSET_TAGS = (); }; };
		00C76E821BB9518A00B33CE4 /* TitleButton.swift in Sources */ = {isa = PBXBuildFile; fileRef = 00C76E811BB9518A00B33CE4 /* TitleButton.swift */; settings = {ASSET_TAGS = (); }; };
		00ECF25C1BB77F03002F976E /* AppDelegate.swift in Sources */ = {isa = PBXBuildFile; fileRef = 00ECF25B1BB77F03002F976E /* AppDelegate.swift */; };
		00ECF2711BB77F03002F976E /* weiboTests.swift in Sources */ = {isa = PBXBuildFile; fileRef = 00ECF2701BB77F03002F976E /* weiboTests.swift */; };
		00ECF27C1BB77F03002F976E /* weiboUITests.swift in Sources */ = {isa = PBXBuildFile; fileRef = 00ECF27B1BB77F03002F976E /* weiboUITests.swift */; };
		00ECF28A1BB780EF002F976E /* Assets.xcassets in Resources */ = {isa = PBXBuildFile; fileRef = 00ECF2891BB780EF002F976E /* Assets.xcassets */; settings = {ASSET_TAGS = (); }; };
		00ECF2A11BB782B3002F976E /* MainTabbarController.swift in Sources */ = {isa = PBXBuildFile; fileRef = 00ECF2A01BB782B3002F976E /* MainTabbarController.swift */; settings = {ASSET_TAGS = (); }; };
		00ECF2A31BB788D6002F976E /* DiscoverTableViewController.swift in Sources */ = {isa = PBXBuildFile; fileRef = 00ECF2A21BB788D6002F976E /* DiscoverTableViewController.swift */; settings = {ASSET_TAGS = (); }; };
		00ECF2A51BB78943002F976E /* HomeTableViewController.swift in Sources */ = {isa = PBXBuildFile; fileRef = 00ECF2A41BB78943002F976E /* HomeTableViewController.swift */; settings = {ASSET_TAGS = (); }; };
		00ECF2A71BB78954002F976E /* MessageTableViewController.swift in Sources */ = {isa = PBXBuildFile; fileRef = 00ECF2A61BB78954002F976E /* MessageTableViewController.swift */; settings = {ASSET_TAGS = (); }; };
		00ECF2A91BB78967002F976E /* ProfileTableViewController.swift in Sources */ = {isa = PBXBuildFile; fileRef = 00ECF2A81BB78967002F976E /* ProfileTableViewController.swift */; settings = {ASSET_TAGS = (); }; };
		00ECF2AC1BB79960002F976E /* BaseTableViewController.swift in Sources */ = {isa = PBXBuildFile; fileRef = 00ECF2AB1BB79960002F976E /* BaseTableViewController.swift */; settings = {ASSET_TAGS = (); }; };
		00ECF2AE1BB79B8E002F976E /* VisitorView.swift in Sources */ = {isa = PBXBuildFile; fileRef = 00ECF2AD1BB79B8E002F976E /* VisitorView.swift */; settings = {ASSET_TAGS = (); }; };
		00ECF2B21BB79DB9002F976E /* MainVCSettings.json in Resources */ = {isa = PBXBuildFile; fileRef = 00ECF2B01BB79DB9002F976E /* MainVCSettings.json */; settings = {ASSET_TAGS = (); }; };
		00ECF2B31BB79DB9002F976E /* NullViewController.swift in Sources */ = {isa = PBXBuildFile; fileRef = 00ECF2B11BB79DB9002F976E /* NullViewController.swift */; settings = {ASSET_TAGS = (); }; };
		00F56A341BBC075E00E3EB6C /* NetworkingTools.swift in Sources */ = {isa = PBXBuildFile; fileRef = 00F56A331BBC075E00E3EB6C /* NetworkingTools.swift */; settings = {ASSET_TAGS = (); }; };
		111CDCAA59F4F3FAE2AC47B0 /* Pods.framework in Frameworks */ = {isa = PBXBuildFile; fileRef = EE52AA26C09D046635990C03 /* Pods.framework */; settings = {ATTRIBUTES = (Weak, ); }; };
/* End PBXBuildFile section */

/* Begin PBXContainerItemProxy section */
		00ECF26D1BB77F03002F976E /* PBXContainerItemProxy */ = {
			isa = PBXContainerItemProxy;
			containerPortal = 00ECF2501BB77F03002F976E /* Project object */;
			proxyType = 1;
			remoteGlobalIDString = 00ECF2571BB77F03002F976E;
			remoteInfo = weibo;
		};
		00ECF2781BB77F03002F976E /* PBXContainerItemProxy */ = {
			isa = PBXContainerItemProxy;
			containerPortal = 00ECF2501BB77F03002F976E /* Project object */;
			proxyType = 1;
			remoteGlobalIDString = 00ECF2571BB77F03002F976E;
			remoteInfo = weibo;
		};
/* End PBXContainerItemProxy section */

/* Begin PBXFileReference section */
		002B2AD51BBB73EC00794939 /* CreateQRCodeViewController.swift */ = {isa = PBXFileReference; fileEncoding = 4; lastKnownFileType = sourcecode.swift; path = CreateQRCodeViewController.swift; sourceTree = "<group>"; };
		002B2ADB1BBB892A00794939 /* OAuthViewController.swift */ = {isa = PBXFileReference; fileEncoding = 4; lastKnownFileType = sourcecode.swift; path = OAuthViewController.swift; sourceTree = "<group>"; };
		007A3EE61BBD261600EECA2E /* UserAccount.swift */ = {isa = PBXFileReference; fileEncoding = 4; lastKnownFileType = sourcecode.swift; path = UserAccount.swift; sourceTree = "<group>"; };
		007A3EE81BBD2AC600EECA2E /* String+extension.swift */ = {isa = PBXFileReference; fileEncoding = 4; lastKnownFileType = sourcecode.swift; path = "String+extension.swift"; sourceTree = "<group>"; };
		0091FCED1BB98680005D3F7D /* PopoverAnimationController.swift */ = {isa = PBXFileReference; fileEncoding = 4; lastKnownFileType = sourcecode.swift; path = PopoverAnimationController.swift; sourceTree = "<group>"; };
		0091FCEE1BB98680005D3F7D /* PopoverPresentationController.swift */ = {isa = PBXFileReference; fileEncoding = 4; lastKnownFileType = sourcecode.swift; path = PopoverPresentationController.swift; sourceTree = "<group>"; };
		0091FCEF1BB98680005D3F7D /* PopoverViewController.storyboard */ = {isa = PBXFileReference; fileEncoding = 4; lastKnownFileType = file.storyboard; path = PopoverViewController.storyboard; sourceTree = "<group>"; };
		0091FCF01BB98680005D3F7D /* PopoverViewController.swift */ = {isa = PBXFileReference; fileEncoding = 4; lastKnownFileType = sourcecode.swift; path = PopoverViewController.swift; sourceTree = "<group>"; };
		0091FCF61BB987EA005D3F7D /* QRCodeViewController.storyboard */ = {isa = PBXFileReference; fileEncoding = 4; lastKnownFileType = file.storyboard; path = QRCodeViewController.storyboard; sourceTree = "<group>"; };
		0091FCF81BB98B22005D3F7D /* QRCodeViewController.swift */ = {isa = PBXFileReference; fileEncoding = 4; lastKnownFileType = sourcecode.swift; path = QRCodeViewController.swift; sourceTree = "<group>"; };
		009987A81BB82DCC009DE336 /* UIBarButtonItem+Extension.swift */ = {isa = PBXFileReference; fileEncoding = 4; lastKnownFileType = sourcecode.swift; path = "UIBarButtonItem+Extension.swift"; sourceTree = "<group>"; };
		00C76E811BB9518A00B33CE4 /* TitleButton.swift */ = {isa = PBXFileReference; fileEncoding = 4; lastKnownFileType = sourcecode.swift; path = TitleButton.swift; sourceTree = "<group>"; };
		00ECF2581BB77F03002F976E /* weibo.app */ = {isa = PBXFileReference; explicitFileType = wrapper.application; includeInIndex = 0; path = weibo.app; sourceTree = BUILT_PRODUCTS_DIR; };
		00ECF25B1BB77F03002F976E /* AppDelegate.swift */ = {isa = PBXFileReference; lastKnownFileType = sourcecode.swift; path = AppDelegate.swift; sourceTree = "<group>"; };
		00ECF2671BB77F03002F976E /* Info.plist */ = {isa = PBXFileReference; lastKnownFileType = text.plist.xml; path = Info.plist; sourceTree = "<group>"; };
		00ECF26C1BB77F03002F976E /* weiboTests.xctest */ = {isa = PBXFileReference; explicitFileType = wrapper.cfbundle; includeInIndex = 0; path = weiboTests.xctest; sourceTree = BUILT_PRODUCTS_DIR; };
		00ECF2701BB77F03002F976E /* weiboTests.swift */ = {isa = PBXFileReference; lastKnownFileType = sourcecode.swift; path = weiboTests.swift; sourceTree = "<group>"; };
		00ECF2721BB77F03002F976E /* Info.plist */ = {isa = PBXFileReference; lastKnownFileType = text.plist.xml; path = Info.plist; sourceTree = "<group>"; };
		00ECF2771BB77F03002F976E /* weiboUITests.xctest */ = {isa = PBXFileReference; explicitFileType = wrapper.cfbundle; includeInIndex = 0; path = weiboUITests.xctest; sourceTree = BUILT_PRODUCTS_DIR; };
		00ECF27B1BB77F03002F976E /* weiboUITests.swift */ = {isa = PBXFileReference; lastKnownFileType = sourcecode.swift; path = weiboUITests.swift; sourceTree = "<group>"; };
		00ECF27D1BB77F03002F976E /* Info.plist */ = {isa = PBXFileReference; lastKnownFileType = text.plist.xml; path = Info.plist; sourceTree = "<group>"; };
		00ECF2891BB780EF002F976E /* Assets.xcassets */ = {isa = PBXFileReference; lastKnownFileType = folder.assetcatalog; path = Assets.xcassets; sourceTree = "<group>"; };
		00ECF2A01BB782B3002F976E /* MainTabbarController.swift */ = {isa = PBXFileReference; fileEncoding = 4; lastKnownFileType = sourcecode.swift; path = MainTabbarController.swift; sourceTree = "<group>"; };
		00ECF2A21BB788D6002F976E /* DiscoverTableViewController.swift */ = {isa = PBXFileReference; fileEncoding = 4; lastKnownFileType = sourcecode.swift; path = DiscoverTableViewController.swift; sourceTree = "<group>"; };
		00ECF2A41BB78943002F976E /* HomeTableViewController.swift */ = {isa = PBXFileReference; fileEncoding = 4; lastKnownFileType = sourcecode.swift; path = HomeTableViewController.swift; sourceTree = "<group>"; };
		00ECF2A61BB78954002F976E /* MessageTableViewController.swift */ = {isa = PBXFileReference; fileEncoding = 4; lastKnownFileType = sourcecode.swift; path = MessageTableViewController.swift; sourceTree = "<group>"; };
		00ECF2A81BB78967002F976E /* ProfileTableViewController.swift */ = {isa = PBXFileReference; fileEncoding = 4; lastKnownFileType = sourcecode.swift; path = ProfileTableViewController.swift; sourceTree = "<group>"; };
		00ECF2AB1BB79960002F976E /* BaseTableViewController.swift */ = {isa = PBXFileReference; fileEncoding = 4; lastKnownFileType = sourcecode.swift; path = BaseTableViewController.swift; sourceTree = "<group>"; };
		00ECF2AD1BB79B8E002F976E /* VisitorView.swift */ = {isa = PBXFileReference; fileEncoding = 4; lastKnownFileType = sourcecode.swift; path = VisitorView.swift; sourceTree = "<group>"; };
		00ECF2B01BB79DB9002F976E /* MainVCSettings.json */ = {isa = PBXFileReference; fileEncoding = 4; lastKnownFileType = text.json; path = MainVCSettings.json; sourceTree = "<group>"; };
		00ECF2B11BB79DB9002F976E /* NullViewController.swift */ = {isa = PBXFileReference; fileEncoding = 4; lastKnownFileType = sourcecode.swift; path = NullViewController.swift; sourceTree = "<group>"; };
		00F56A331BBC075E00E3EB6C /* NetworkingTools.swift */ = {isa = PBXFileReference; fileEncoding = 4; lastKnownFileType = sourcecode.swift; path = NetworkingTools.swift; sourceTree = "<group>"; };
		42A630021EEFD53B46706C92 /* Pods.release.xcconfig */ = {isa = PBXFileReference; includeInIndex = 1; lastKnownFileType = text.xcconfig; name = Pods.release.xcconfig; path = "Pods/Target Support Files/Pods/Pods.release.xcconfig"; sourceTree = "<group>"; };
		EE52AA26C09D046635990C03 /* Pods.framework */ = {isa = PBXFileReference; explicitFileType = wrapper.framework; includeInIndex = 0; path = Pods.framework; sourceTree = BUILT_PRODUCTS_DIR; };
		F2A133D9F40C3A7207367A3F /* Pods.debug.xcconfig */ = {isa = PBXFileReference; includeInIndex = 1; lastKnownFileType = text.xcconfig; name = Pods.debug.xcconfig; path = "Pods/Target Support Files/Pods/Pods.debug.xcconfig"; sourceTree = "<group>"; };
/* End PBXFileReference section */

/* Begin PBXFrameworksBuildPhase section */
		00ECF2551BB77F03002F976E /* Frameworks */ = {
			isa = PBXFrameworksBuildPhase;
			buildActionMask = 2147483647;
			files = (
				111CDCAA59F4F3FAE2AC47B0 /* Pods.framework in Frameworks */,
			);
			runOnlyForDeploymentPostprocessing = 0;
		};
		00ECF2691BB77F03002F976E /* Frameworks */ = {
			isa = PBXFrameworksBuildPhase;
			buildActionMask = 2147483647;
			files = (
			);
			runOnlyForDeploymentPostprocessing = 0;
		};
		00ECF2741BB77F03002F976E /* Frameworks */ = {
			isa = PBXFrameworksBuildPhase;
			buildActionMask = 2147483647;
			files = (
			);
			runOnlyForDeploymentPostprocessing = 0;
		};
/* End PBXFrameworksBuildPhase section */

/* Begin PBXGroup section */
		002B2AD71BBB891200794939 /* OAuth */ = {
			isa = PBXGroup;
			children = (
				002B2AD81BBB891200794939 /* Controller */,
				002B2AD91BBB891200794939 /* Model */,
				002B2ADA1BBB891200794939 /* View */,
			);
			path = OAuth;
			sourceTree = "<group>";
		};
		002B2AD81BBB891200794939 /* Controller */ = {
			isa = PBXGroup;
			children = (
				002B2ADB1BBB892A00794939 /* OAuthViewController.swift */,
			);
			path = Controller;
			sourceTree = "<group>";
		};
		002B2AD91BBB891200794939 /* Model */ = {
			isa = PBXGroup;
			children = (
				007A3EE61BBD261600EECA2E /* UserAccount.swift */,
			);
			path = Model;
			sourceTree = "<group>";
		};
		002B2ADA1BBB891200794939 /* View */ = {
			isa = PBXGroup;
			children = (
			);
			path = View;
			sourceTree = "<group>";
		};
		0091FCEC1BB98680005D3F7D /* PopoverView */ = {
			isa = PBXGroup;
			children = (
				0091FCED1BB98680005D3F7D /* PopoverAnimationController.swift */,
				0091FCEE1BB98680005D3F7D /* PopoverPresentationController.swift */,
				0091FCEF1BB98680005D3F7D /* PopoverViewController.storyboard */,
				0091FCF01BB98680005D3F7D /* PopoverViewController.swift */,
			);
			path = PopoverView;
			sourceTree = "<group>";
		};
		0091FCF11BB98680005D3F7D /* QRCode */ = {
			isa = PBXGroup;
			children = (
				0091FCF61BB987EA005D3F7D /* QRCodeViewController.storyboard */,
				0091FCF81BB98B22005D3F7D /* QRCodeViewController.swift */,
				002B2AD51BBB73EC00794939 /* CreateQRCodeViewController.swift */,
			);
			path = QRCode;
			sourceTree = "<group>";
		};
		00ECF24F1BB77F03002F976E = {
			isa = PBXGroup;
			children = (
				00ECF25A1BB77F03002F976E /* weibo */,
				00ECF26F1BB77F03002F976E /* weiboTests */,
				00ECF27A1BB77F03002F976E /* weiboUITests */,
				00ECF2591BB77F03002F976E /* Products */,
				2717FDAD4544501519D55F81 /* Pods */,
				40E4E793246FF74606C6E158 /* Frameworks */,
			);
			sourceTree = "<group>";
		};
		00ECF2591BB77F03002F976E /* Products */ = {
			isa = PBXGroup;
			children = (
				00ECF2581BB77F03002F976E /* weibo.app */,
				00ECF26C1BB77F03002F976E /* weiboTests.xctest */,
				00ECF2771BB77F03002F976E /* weiboUITests.xctest */,
			);
			name = Products;
			sourceTree = "<group>";
		};
		00ECF25A1BB77F03002F976E /* weibo */ = {
			isa = PBXGroup;
			children = (
				00ECF25B1BB77F03002F976E /* AppDelegate.swift */,
				00ECF28B1BB781F2002F976E /* Classes */,
				00ECF2671BB77F03002F976E /* Info.plist */,
				00ECF2891BB780EF002F976E /* Assets.xcassets */,
			);
			path = weibo;
			sourceTree = "<group>";
		};
		00ECF26F1BB77F03002F976E /* weiboTests */ = {
			isa = PBXGroup;
			children = (
				00ECF2701BB77F03002F976E /* weiboTests.swift */,
				00ECF2721BB77F03002F976E /* Info.plist */,
			);
			path = weiboTests;
			sourceTree = "<group>";
		};
		00ECF27A1BB77F03002F976E /* weiboUITests */ = {
			isa = PBXGroup;
			children = (
				00ECF27B1BB77F03002F976E /* weiboUITests.swift */,
				00ECF27D1BB77F03002F976E /* Info.plist */,
			);
			path = weiboUITests;
			sourceTree = "<group>";
		};
		00ECF28B1BB781F2002F976E /* Classes */ = {
			isa = PBXGroup;
			children = (
				00ECF2AA1BB789B7002F976E /* Tools */,
				002B2AD71BBB891200794939 /* OAuth */,
				00ECF28C1BB781F2002F976E /* Discover */,
				00ECF2901BB781F2002F976E /* Home */,
				00ECF2941BB781F2002F976E /* Main */,
				00ECF2981BB781F2002F976E /* Message */,
				00ECF29C1BB781F2002F976E /* Profile */,
			);
			path = Classes;
			sourceTree = "<group>";
		};
		00ECF28C1BB781F2002F976E /* Discover */ = {
			isa = PBXGroup;
			children = (
				00ECF28D1BB781F2002F976E /* Controller */,
				00ECF28E1BB781F2002F976E /* Model */,
				00ECF28F1BB781F2002F976E /* View */,
			);
			path = Discover;
			sourceTree = "<group>";
		};
		00ECF28D1BB781F2002F976E /* Controller */ = {
			isa = PBXGroup;
			children = (
				00ECF2A21BB788D6002F976E /* DiscoverTableViewController.swift */,
			);
			path = Controller;
			sourceTree = "<group>";
		};
		00ECF28E1BB781F2002F976E /* Model */ = {
			isa = PBXGroup;
			children = (
			);
			path = Model;
			sourceTree = "<group>";
		};
		00ECF28F1BB781F2002F976E /* View */ = {
			isa = PBXGroup;
			children = (
			);
			path = View;
			sourceTree = "<group>";
		};
		00ECF2901BB781F2002F976E /* Home */ = {
			isa = PBXGroup;
			children = (
				00ECF2911BB781F2002F976E /* Controller */,
				00ECF2921BB781F2002F976E /* Model */,
				00ECF2931BB781F2002F976E /* View */,
			);
			path = Home;
			sourceTree = "<group>";
		};
		00ECF2911BB781F2002F976E /* Controller */ = {
			isa = PBXGroup;
			children = (
				00ECF2A41BB78943002F976E /* HomeTableViewController.swift */,
			);
			path = Controller;
			sourceTree = "<group>";
		};
		00ECF2921BB781F2002F976E /* Model */ = {
			isa = PBXGroup;
			children = (
			);
			path = Model;
			sourceTree = "<group>";
		};
		00ECF2931BB781F2002F976E /* View */ = {
			isa = PBXGroup;
			children = (
				0091FCEC1BB98680005D3F7D /* PopoverView */,
				0091FCF11BB98680005D3F7D /* QRCode */,
			);
			path = View;
			sourceTree = "<group>";
		};
		00ECF2941BB781F2002F976E /* Main */ = {
			isa = PBXGroup;
			children = (
				00ECF2AF1BB79DB9002F976E /* Resource */,
				00ECF2951BB781F2002F976E /* Controller */,
				00ECF2961BB781F2002F976E /* Model */,
				00ECF2971BB781F2002F976E /* View */,
			);
			path = Main;
			sourceTree = "<group>";
		};
		00ECF2951BB781F2002F976E /* Controller */ = {
			isa = PBXGroup;
			children = (
				00ECF2A01BB782B3002F976E /* MainTabbarController.swift */,
				00ECF2AB1BB79960002F976E /* BaseTableViewController.swift */,
			);
			path = Controller;
			sourceTree = "<group>";
		};
		00ECF2961BB781F2002F976E /* Model */ = {
			isa = PBXGroup;
			children = (
			);
			path = Model;
			sourceTree = "<group>";
		};
		00ECF2971BB781F2002F976E /* View */ = {
			isa = PBXGroup;
			children = (
				00ECF2AD1BB79B8E002F976E /* VisitorView.swift */,
			);
			path = View;
			sourceTree = "<group>";
		};
		00ECF2981BB781F2002F976E /* Message */ = {
			isa = PBXGroup;
			children = (
				00ECF2991BB781F2002F976E /* Controller */,
				00ECF29A1BB781F2002F976E /* Model */,
				00ECF29B1BB781F2002F976E /* View */,
			);
			path = Message;
			sourceTree = "<group>";
		};
		00ECF2991BB781F2002F976E /* Controller */ = {
			isa = PBXGroup;
			children = (
				00ECF2A61BB78954002F976E /* MessageTableViewController.swift */,
			);
			path = Controller;
			sourceTree = "<group>";
		};
		00ECF29A1BB781F2002F976E /* Model */ = {
			isa = PBXGroup;
			children = (
			);
			path = Model;
			sourceTree = "<group>";
		};
		00ECF29B1BB781F2002F976E /* View */ = {
			isa = PBXGroup;
			children = (
			);
			path = View;
			sourceTree = "<group>";
		};
		00ECF29C1BB781F2002F976E /* Profile */ = {
			isa = PBXGroup;
			children = (
				00ECF29D1BB781F2002F976E /* Controller */,
				00ECF29E1BB781F2002F976E /* Model */,
				00ECF29F1BB781F2002F976E /* View */,
			);
			path = Profile;
			sourceTree = "<group>";
		};
		00ECF29D1BB781F2002F976E /* Controller */ = {
			isa = PBXGroup;
			children = (
				00ECF2A81BB78967002F976E /* ProfileTableViewController.swift */,
			);
			path = Controller;
			sourceTree = "<group>";
		};
		00ECF29E1BB781F2002F976E /* Model */ = {
			isa = PBXGroup;
			children = (
			);
			path = Model;
			sourceTree = "<group>";
		};
		00ECF29F1BB781F2002F976E /* View */ = {
			isa = PBXGroup;
			children = (
			);
			path = View;
			sourceTree = "<group>";
		};
		00ECF2AA1BB789B7002F976E /* Tools */ = {
			isa = PBXGroup;
			children = (
				009987A81BB82DCC009DE336 /* UIBarButtonItem+Extension.swift */,
				00C76E811BB9518A00B33CE4 /* TitleButton.swift */,
				00F56A331BBC075E00E3EB6C /* NetworkingTools.swift */,
				007A3EE81BBD2AC600EECA2E /* String+extension.swift */,
			);
			path = Tools;
			sourceTree = "<group>";
		};
		00ECF2AF1BB79DB9002F976E /* Resource */ = {
			isa = PBXGroup;
			children = (
				00ECF2B01BB79DB9002F976E /* MainVCSettings.json */,
				00ECF2B11BB79DB9002F976E /* NullViewController.swift */,
			);
			path = Resource;
			sourceTree = "<group>";
		};
		2717FDAD4544501519D55F81 /* Pods */ = {
			isa = PBXGroup;
			children = (
				F2A133D9F40C3A7207367A3F /* Pods.debug.xcconfig */,
				42A630021EEFD53B46706C92 /* Pods.release.xcconfig */,
			);
			name = Pods;
			sourceTree = "<group>";
		};
		40E4E793246FF74606C6E158 /* Frameworks */ = {
			isa = PBXGroup;
			children = (
				EE52AA26C09D046635990C03 /* Pods.framework */,
			);
			name = Frameworks;
			sourceTree = "<group>";
		};
/* End PBXGroup section */

/* Begin PBXNativeTarget section */
		00ECF2571BB77F03002F976E /* weibo */ = {
			isa = PBXNativeTarget;
			buildConfigurationList = 00ECF2801BB77F03002F976E /* Build configuration list for PBXNativeTarget "weibo" */;
			buildPhases = (
				D3F02B37F10732BC857A561C /* Check Pods Manifest.lock */,
				00ECF2541BB77F03002F976E /* Sources */,
				00ECF2551BB77F03002F976E /* Frameworks */,
				00ECF2561BB77F03002F976E /* Resources */,
				AD477754D3EA80917C475CAB /* Embed Pods Frameworks */,
				1616AE2A19729E2A331C475B /* Copy Pods Resources */,
			);
			buildRules = (
			);
			dependencies = (
			);
			name = weibo;
			productName = weibo;
			productReference = 00ECF2581BB77F03002F976E /* weibo.app */;
			productType = "com.apple.product-type.application";
		};
		00ECF26B1BB77F03002F976E /* weiboTests */ = {
			isa = PBXNativeTarget;
			buildConfigurationList = 00ECF2831BB77F03002F976E /* Build configuration list for PBXNativeTarget "weiboTests" */;
			buildPhases = (
				00ECF2681BB77F03002F976E /* Sources */,
				00ECF2691BB77F03002F976E /* Frameworks */,
				00ECF26A1BB77F03002F976E /* Resources */,
			);
			buildRules = (
			);
			dependencies = (
				00ECF26E1BB77F03002F976E /* PBXTargetDependency */,
			);
			name = weiboTests;
			productName = weiboTests;
			productReference = 00ECF26C1BB77F03002F976E /* weiboTests.xctest */;
			productType = "com.apple.product-type.bundle.unit-test";
		};
		00ECF2761BB77F03002F976E /* weiboUITests */ = {
			isa = PBXNativeTarget;
			buildConfigurationList = 00ECF2861BB77F03002F976E /* Build configuration list for PBXNativeTarget "weiboUITests" */;
			buildPhases = (
				00ECF2731BB77F03002F976E /* Sources */,
				00ECF2741BB77F03002F976E /* Frameworks */,
				00ECF2751BB77F03002F976E /* Resources */,
			);
			buildRules = (
			);
			dependencies = (
				00ECF2791BB77F03002F976E /* PBXTargetDependency */,
			);
			name = weiboUITests;
			productName = weiboUITests;
			productReference = 00ECF2771BB77F03002F976E /* weiboUITests.xctest */;
			productType = "com.apple.product-type.bundle.ui-testing";
		};
/* End PBXNativeTarget section */

/* Begin PBXProject section */
		00ECF2501BB77F03002F976E /* Project object */ = {
			isa = PBXProject;
			attributes = {
				LastUpgradeCheck = 0700;
				ORGANIZATIONNAME = MD;
				TargetAttributes = {
					00ECF2571BB77F03002F976E = {
						CreatedOnToolsVersion = 7.0;
					};
					00ECF26B1BB77F03002F976E = {
						CreatedOnToolsVersion = 7.0;
						TestTargetID = 00ECF2571BB77F03002F976E;
					};
					00ECF2761BB77F03002F976E = {
						CreatedOnToolsVersion = 7.0;
						TestTargetID = 00ECF2571BB77F03002F976E;
					};
				};
			};
			buildConfigurationList = 00ECF2531BB77F03002F976E /* Build configuration list for PBXProject "weibo" */;
			compatibilityVersion = "Xcode 3.2";
			developmentRegion = English;
			hasScannedForEncodings = 0;
			knownRegions = (
				en,
				Base,
			);
			mainGroup = 00ECF24F1BB77F03002F976E;
			productRefGroup = 00ECF2591BB77F03002F976E /* Products */;
			projectDirPath = "";
			projectRoot = "";
			targets = (
				00ECF2571BB77F03002F976E /* weibo */,
				00ECF26B1BB77F03002F976E /* weiboTests */,
				00ECF2761BB77F03002F976E /* weiboUITests */,
			);
		};
/* End PBXProject section */

/* Begin PBXResourcesBuildPhase section */
		00ECF2561BB77F03002F976E /* Resources */ = {
			isa = PBXResourcesBuildPhase;
			buildActionMask = 2147483647;
			files = (
				0091FCF41BB98680005D3F7D /* PopoverViewController.storyboard in Resources */,
				00ECF2B21BB79DB9002F976E /* MainVCSettings.json in Resources */,
				00ECF28A1BB780EF002F976E /* Assets.xcassets in Resources */,
				0091FCF71BB987EA005D3F7D /* QRCodeViewController.storyboard in Resources */,
			);
			runOnlyForDeploymentPostprocessing = 0;
		};
		00ECF26A1BB77F03002F976E /* Resources */ = {
			isa = PBXResourcesBuildPhase;
			buildActionMask = 2147483647;
			files = (
			);
			runOnlyForDeploymentPostprocessing = 0;
		};
		00ECF2751BB77F03002F976E /* Resources */ = {
			isa = PBXResourcesBuildPhase;
			buildActionMask = 2147483647;
			files = (
			);
			runOnlyForDeploymentPostprocessing = 0;
		};
/* End PBXResourcesBuildPhase section */

/* Begin PBXShellScriptBuildPhase section */
		1616AE2A19729E2A331C475B /* Copy Pods Resources */ = {
			isa = PBXShellScriptBuildPhase;
			buildActionMask = 2147483647;
			files = (
			);
			inputPaths = (
			);
			name = "Copy Pods Resources";
			outputPaths = (
			);
			runOnlyForDeploymentPostprocessing = 0;
			shellPath = /bin/sh;
			shellScript = "\"${SRCROOT}/Pods/Target Support Files/Pods/Pods-resources.sh\"\n";
			showEnvVarsInLog = 0;
		};
		AD477754D3EA80917C475CAB /* Embed Pods Frameworks */ = {
			isa = PBXShellScriptBuildPhase;
			buildActionMask = 2147483647;
			files = (
			);
			inputPaths = (
			);
			name = "Embed Pods Frameworks";
			outputPaths = (
			);
			runOnlyForDeploymentPostprocessing = 0;
			shellPath = /bin/sh;
			shellScript = "\"${SRCROOT}/Pods/Target Support Files/Pods/Pods-frameworks.sh\"\n";
			showEnvVarsInLog = 0;
		};
		D3F02B37F10732BC857A561C /* Check Pods Manifest.lock */ = {
			isa = PBXShellScriptBuildPhase;
			buildActionMask = 2147483647;
			files = (
			);
			inputPaths = (
			);
			name = "Check Pods Manifest.lock";
			outputPaths = (
			);
			runOnlyForDeploymentPostprocessing = 0;
			shellPath = /bin/sh;
			shellScript = "diff \"${PODS_ROOT}/../Podfile.lock\" \"${PODS_ROOT}/Manifest.lock\" > /dev/null\nif [[ $? != 0 ]] ; then\n    cat << EOM\nerror: The sandbox is not in sync with the Podfile.lock. Run 'pod install' or update your CocoaPods installation.\nEOM\n    exit 1\nfi\n";
			showEnvVarsInLog = 0;
		};
/* End PBXShellScriptBuildPhase section */

/* Begin PBXSourcesBuildPhase section */
		00ECF2541BB77F03002F976E /* Sources */ = {
			isa = PBXSourcesBuildPhase;
			buildActionMask = 2147483647;
			files = (
				0091FCF31BB98680005D3F7D /* PopoverPresentationController.swift in Sources */,
				00ECF2A91BB78967002F976E /* ProfileTableViewController.swift in Sources */,
				0091FCF51BB98680005D3F7D /* PopoverViewController.swift in Sources */,
				002B2ADC1BBB892A00794939 /* OAuthViewController.swift in Sources */,
				00ECF2A51BB78943002F976E /* HomeTableViewController.swift in Sources */,
				007A3EE71BBD261600EECA2E /* UserAccount.swift in Sources */,
				00ECF2A11BB782B3002F976E /* MainTabbarController.swift in Sources */,
				00ECF2AC1BB79960002F976E /* BaseTableViewController.swift in Sources */,
				00C76E821BB9518A00B33CE4 /* TitleButton.swift in Sources */,
				00ECF2B31BB79DB9002F976E /* NullViewController.swift in Sources */,
				002B2AD61BBB73EC00794939 /* CreateQRCodeViewController.swift in Sources */,
				009987A91BB82DCC009DE336 /* UIBarButtonItem+Extension.swift in Sources */,
				0091FCF91BB98B22005D3F7D /* QRCodeViewController.swift in Sources */,
				00ECF2A71BB78954002F976E /* MessageTableViewController.swift in Sources */,
				0091FCF21BB98680005D3F7D /* PopoverAnimationController.swift in Sources */,
				00ECF2A31BB788D6002F976E /* DiscoverTableViewController.swift in Sources */,
				007A3EE91BBD2AC600EECA2E /* String+extension.swift in Sources */,
				00ECF25C1BB77F03002F976E /* AppDelegate.swift in Sources */,
				00ECF2AE1BB79B8E002F976E /* VisitorView.swift in Sources */,
				00F56A341BBC075E00E3EB6C /* NetworkingTools.swift in Sources */,
			);
			runOnlyForDeploymentPostprocessing = 0;
		};
		00ECF2681BB77F03002F976E /* Sources */ = {
			isa = PBXSourcesBuildPhase;
			buildActionMask = 2147483647;
			files = (
				00ECF2711BB77F03002F976E /* weiboTests.swift in Sources */,
			);
			runOnlyForDeploymentPostprocessing = 0;
		};
		00ECF2731BB77F03002F976E /* Sources */ = {
			isa = PBXSourcesBuildPhase;
			buildActionMask = 2147483647;
			files = (
				00ECF27C1BB77F03002F976E /* weiboUITests.swift in Sources */,
			);
			runOnlyForDeploymentPostprocessing = 0;
		};
/* End PBXSourcesBuildPhase section */

/* Begin PBXTargetDependency section */
		00ECF26E1BB77F03002F976E /* PBXTargetDependency */ = {
			isa = PBXTargetDependency;
			target = 00ECF2571BB77F03002F976E /* weibo */;
			targetProxy = 00ECF26D1BB77F03002F976E /* PBXContainerItemProxy */;
		};
		00ECF2791BB77F03002F976E /* PBXTargetDependency */ = {
			isa = PBXTargetDependency;
			target = 00ECF2571BB77F03002F976E /* weibo */;
			targetProxy = 00ECF2781BB77F03002F976E /* PBXContainerItemProxy */;
		};
/* End PBXTargetDependency section */

/* Begin XCBuildConfiguration section */
		00ECF27E1BB77F03002F976E /* Debug */ = {
			isa = XCBuildConfiguration;
			buildSettings = {
				ALWAYS_SEARCH_USER_PATHS = NO;
				CLANG_CXX_LANGUAGE_STANDARD = "gnu++0x";
				CLANG_CXX_LIBRARY = "libc++";
				CLANG_ENABLE_MODULES = YES;
				CLANG_ENABLE_OBJC_ARC = YES;
				CLANG_WARN_BOOL_CONVERSION = YES;
				CLANG_WARN_CONSTANT_CONVERSION = YES;
				CLANG_WARN_DIRECT_OBJC_ISA_USAGE = YES_ERROR;
				CLANG_WARN_EMPTY_BODY = YES;
				CLANG_WARN_ENUM_CONVERSION = YES;
				CLANG_WARN_INT_CONVERSION = YES;
				CLANG_WARN_OBJC_ROOT_CLASS = YES_ERROR;
				CLANG_WARN_UNREACHABLE_CODE = YES;
				CLANG_WARN__DUPLICATE_METHOD_MATCH = YES;
				"CODE_SIGN_IDENTITY[sdk=iphoneos*]" = "iPhone Developer";
				COPY_PHASE_STRIP = NO;
				DEBUG_INFORMATION_FORMAT = dwarf;
				ENABLE_STRICT_OBJC_MSGSEND = YES;
				ENABLE_TESTABILITY = YES;
				GCC_C_LANGUAGE_STANDARD = gnu99;
				GCC_DYNAMIC_NO_PIC = NO;
				GCC_NO_COMMON_BLOCKS = YES;
				GCC_OPTIMIZATION_LEVEL = 0;
				GCC_PREPROCESSOR_DEFINITIONS = (
					"DEBUG=1",
					"$(inherited)",
				);
				GCC_WARN_64_TO_32_BIT_CONVERSION = YES;
				GCC_WARN_ABOUT_RETURN_TYPE = YES_ERROR;
				GCC_WARN_UNDECLARED_SELECTOR = YES;
				GCC_WARN_UNINITIALIZED_AUTOS = YES_AGGRESSIVE;
				GCC_WARN_UNUSED_FUNCTION = YES;
				GCC_WARN_UNUSED_VARIABLE = YES;
				IPHONEOS_DEPLOYMENT_TARGET = 9.0;
				MTL_ENABLE_DEBUG_INFO = YES;
				ONLY_ACTIVE_ARCH = YES;
				SDKROOT = iphoneos;
				SWIFT_OPTIMIZATION_LEVEL = "-Onone";
			};
			name = Debug;
		};
		00ECF27F1BB77F03002F976E /* Release */ = {
			isa = XCBuildConfiguration;
			buildSettings = {
				ALWAYS_SEARCH_USER_PATHS = NO;
				CLANG_CXX_LANGUAGE_STANDARD = "gnu++0x";
				CLANG_CXX_LIBRARY = "libc++";
				CLANG_ENABLE_MODULES = YES;
				CLANG_ENABLE_OBJC_ARC = YES;
				CLANG_WARN_BOOL_CONVERSION = YES;
				CLANG_WARN_CONSTANT_CONVERSION = YES;
				CLANG_WARN_DIRECT_OBJC_ISA_USAGE = YES_ERROR;
				CLANG_WARN_EMPTY_BODY = YES;
				CLANG_WARN_ENUM_CONVERSION = YES;
				CLANG_WARN_INT_CONVERSION = YES;
				CLANG_WARN_OBJC_ROOT_CLASS = YES_ERROR;
				CLANG_WARN_UNREACHABLE_CODE = YES;
				CLANG_WARN__DUPLICATE_METHOD_MATCH = YES;
				"CODE_SIGN_IDENTITY[sdk=iphoneos*]" = "iPhone Developer";
				COPY_PHASE_STRIP = NO;
				DEBUG_INFORMATION_FORMAT = "dwarf-with-dsym";
				ENABLE_NS_ASSERTIONS = NO;
				ENABLE_STRICT_OBJC_MSGSEND = YES;
				GCC_C_LANGUAGE_STANDARD = gnu99;
				GCC_NO_COMMON_BLOCKS = YES;
				GCC_WARN_64_TO_32_BIT_CONVERSION = YES;
				GCC_WARN_ABOUT_RETURN_TYPE = YES_ERROR;
				GCC_WARN_UNDECLARED_SELECTOR = YES;
				GCC_WARN_UNINITIALIZED_AUTOS = YES_AGGRESSIVE;
				GCC_WARN_UNUSED_FUNCTION = YES;
				GCC_WARN_UNUSED_VARIABLE = YES;
				IPHONEOS_DEPLOYMENT_TARGET = 9.0;
				MTL_ENABLE_DEBUG_INFO = NO;
				SDKROOT = iphoneos;
				VALIDATE_PRODUCT = YES;
			};
			name = Release;
		};
		00ECF2811BB77F03002F976E /* Debug */ = {
			isa = XCBuildConfiguration;
			baseConfigurationReference = F2A133D9F40C3A7207367A3F /* Pods.debug.xcconfig */;
			buildSettings = {
				ASSETCATALOG_COMPILER_APPICON_NAME = AppIcon;
				ASSETCATALOG_COMPILER_LAUNCHIMAGE_NAME = LaunchImage;
				INFOPLIST_FILE = weibo/Info.plist;
				IPHONEOS_DEPLOYMENT_TARGET = 8.0;
				LD_RUNPATH_SEARCH_PATHS = "$(inherited) @executable_path/Frameworks";
				OTHER_SWIFT_FLAGS = "$(inherited) \"-D\" \"COCOAPODS\" -D DEBUG";
				PRODUCT_BUNDLE_IDENTIFIER = cn.MD.weibo;
				PRODUCT_NAME = "$(TARGET_NAME)";
			};
			name = Debug;
		};
		00ECF2821BB77F03002F976E /* Release */ = {
			isa = XCBuildConfiguration;
			baseConfigurationReference = 42A630021EEFD53B46706C92 /* Pods.release.xcconfig */;
			buildSettings = {
				ASSETCATALOG_COMPILER_APPICON_NAME = AppIcon;
				ASSETCATALOG_COMPILER_LAUNCHIMAGE_NAME = LaunchImage;
				INFOPLIST_FILE = weibo/Info.plist;
				IPHONEOS_DEPLOYMENT_TARGET = 8.0;
				LD_RUNPATH_SEARCH_PATHS = "$(inherited) @executable_path/Frameworks";
				PRODUCT_BUNDLE_IDENTIFIER = cn.MD.weibo;
				PRODUCT_NAME = "$(TARGET_NAME)";
			};
			name = Release;
		};
		00ECF2841BB77F03002F976E /* Debug */ = {
			isa = XCBuildConfiguration;
			buildSettings = {
				BUNDLE_LOADER = "$(TEST_HOST)";
				INFOPLIST_FILE = weiboTests/Info.plist;
				LD_RUNPATH_SEARCH_PATHS = "$(inherited) @executable_path/Frameworks @loader_path/Frameworks";
				PRODUCT_BUNDLE_IDENTIFIER = cn.MD.weiboTests;
				PRODUCT_NAME = "$(TARGET_NAME)";
				TEST_HOST = "$(BUILT_PRODUCTS_DIR)/weibo.app/weibo";
			};
			name = Debug;
		};
		00ECF2851BB77F03002F976E /* Release */ = {
			isa = XCBuildConfiguration;
			buildSettings = {
				BUNDLE_LOADER = "$(TEST_HOST)";
				INFOPLIST_FILE = weiboTests/Info.plist;
				LD_RUNPATH_SEARCH_PATHS = "$(inherited) @executable_path/Frameworks @loader_path/Frameworks";
				PRODUCT_BUNDLE_IDENTIFIER = cn.MD.weiboTests;
				PRODUCT_NAME = "$(TARGET_NAME)";
				TEST_HOST = "$(BUILT_PRODUCTS_DIR)/weibo.app/weibo";
			};
			name = Release;
		};
		00ECF2871BB77F03002F976E /* Debug */ = {
			isa = XCBuildConfiguration;
			buildSettings = {
				INFOPLIST_FILE = weiboUITests/Info.plist;
				LD_RUNPATH_SEARCH_PATHS = "$(inherited) @executable_path/Frameworks @loader_path/Frameworks";
				PRODUCT_BUNDLE_IDENTIFIER = cn.MD.weiboUITests;
				PRODUCT_NAME = "$(TARGET_NAME)";
				TEST_TARGET_NAME = weibo;
				USES_XCTRUNNER = YES;
			};
			name = Debug;
		};
		00ECF2881BB77F03002F976E /* Release */ = {
			isa = XCBuildConfiguration;
			buildSettings = {
				INFOPLIST_FILE = weiboUITests/Info.plist;
				LD_RUNPATH_SEARCH_PATHS = "$(inherited) @executable_path/Frameworks @loader_path/Frameworks";
				PRODUCT_BUNDLE_IDENTIFIER = cn.MD.weiboUITests;
				PRODUCT_NAME = "$(TARGET_NAME)";
				TEST_TARGET_NAME = weibo;
				USES_XCTRUNNER = YES;
			};
			name = Release;
		};
/* End XCBuildConfiguration section */

/* Begin XCConfigurationList section */
		00ECF2531BB77F03002F976E /* Build configuration list for PBXProject "weibo" */ = {
			isa = XCConfigurationList;
			buildConfigurations = (
				00ECF27E1BB77F03002F976E /* Debug */,
				00ECF27F1BB77F03002F976E /* Release */,
			);
			defaultConfigurationIsVisible = 0;
			defaultConfigurationName = Release;
		};
		00ECF2801BB77F03002F976E /* Build configuration list for PBXNativeTarget "weibo" */ = {
			isa = XCConfigurationList;
			buildConfigurations = (
				00ECF2811BB77F03002F976E /* Debug */,
				00ECF2821BB77F03002F976E /* Release */,
			);
			defaultConfigurationIsVisible = 0;
			defaultConfigurationName = Release;
		};
		00ECF2831BB77F03002F976E /* Build configuration list for PBXNativeTarget "weiboTests" */ = {
			isa = XCConfigurationList;
			buildConfigurations = (
				00ECF2841BB77F03002F976E /* Debug */,
				00ECF2851BB77F03002F976E /* Release */,
			);
			defaultConfigurationIsVisible = 0;
			defaultConfigurationName = Release;
		};
		00ECF2861BB77F03002F976E /* Build configuration list for PBXNativeTarget "weiboUITests" */ = {
			isa = XCConfigurationList;
			buildConfigurations = (
				00ECF2871BB77F03002F976E /* Debug */,
				00ECF2881BB77F03002F976E /* Release */,
			);
			defaultConfigurationIsVisible = 0;
			defaultConfigurationName = Release;
		};
/* End XCConfigurationList section */
	};
	rootObject = 00ECF2501BB77F03002F976E /* Project object */;
}
